
Microsoft Visual Studio Solution File, Format Version 12.00
# Visual Studio Version 16
VisualStudioVersion = 16.0.31729.503
MinimumVisualStudioVersion = 10.0.40219.1
Project("{9A19103F-16F7-4668-BE54-9A1E7A4F7556}") = "Moglan_Vlad_Lab2", "Moglan_Vlad_Lab2.csproj", "{B8CE960D-EE14-4B40-B83D-60A93C69BD7D}"
EndProject
Project("{FAE04EC0-301F-11D3-BF4B-00C04F79EFBC}") = "LibraryModel", "..\LibraryModel\LibraryModel.csproj", "{6EB38F4B-3AEA-438D-B717-867C85545AB9}"
EndProject
Project("{FAE04EC0-301F-11D3-BF4B-00C04F79EFBC}") = "LibraryWebAPI", "..\LibraryWebAPI\LibraryWebAPI.csproj", "{C5BBFCDB-09F2-437F-9483-77E166FE3568}"
EndProject
Global
	GlobalSection(SolutionConfigurationPlatforms) = preSolution
		Debug|Any CPU = Debug|Any CPU
		Release|Any CPU = Release|Any CPU
	EndGlobalSection
	GlobalSection(ProjectConfigurationPlatforms) = postSolution
		{B8CE960D-EE14-4B40-B83D-60A93C69BD7D}.Debug|Any CPU.ActiveCfg = Debug|Any CPU
		{B8CE960D-EE14-4B40-B83D-60A93C69BD7D}.Debug|Any CPU.Build.0 = Debug|Any CPU
		{B8CE960D-EE14-4B40-B83D-60A93C69BD7D}.Release|Any CPU.ActiveCfg = Release|Any CPU
		{B8CE960D-EE14-4B40-B83D-60A93C69BD7D}.Release|Any CPU.Build.0 = Release|Any CPU
		{6EB38F4B-3AEA-438D-B717-867C85545AB9}.Debug|Any CPU.ActiveCfg = Debug|Any CPU
		{6EB38F4B-3AEA-438D-B717-867C85545AB9}.Debug|Any CPU.Build.0 = Debug|Any CPU
		{6EB38F4B-3AEA-438D-B717-867C85545AB9}.Release|Any CPU.ActiveCfg = Release|Any CPU
		{6EB38F4B-3AEA-438D-B717-867C85545AB9}.Release|Any CPU.Build.0 = Release|Any CPU
		{C5BBFCDB-09F2-437F-9483-77E166FE3568}.Debug|Any CPU.ActiveCfg = Debug|Any CPU
		{C5BBFCDB-09F2-437F-9483-77E166FE3568}.Debug|Any CPU.Build.0 = Debug|Any CPU
		{C5BBFCDB-09F2-437F-9483-77E166FE3568}.Release|Any CPU.ActiveCfg = Release|Any CPU
		{C5BBFCDB-09F2-437F-9483-77E166FE3568}.Release|Any CPU.Build.0 = Release|Any CPU
	EndGlobalSection
	GlobalSection(SolutionProperties) = preSolution
		HideSolutionNode = FALSE
	EndGlobalSection
	GlobalSection(ExtensibilityGlobals) = postSolution
		SolutionGuid = {695D3847-DE9B-4B2D-8F08-EF61063761A3}
	EndGlobalSection
EndGlobal
